
Microsoft Visual Studio Solution File, Format Version 12.00
# Visual Studio Version 17
VisualStudioVersion = 17.1.32407.343
MinimumVisualStudioVersion = 10.0.40219.1
Project("{FAE04EC0-301F-11D3-BF4B-00C04F79EFBC}") = "task 27", "task 27.csproj", "{C2C55B97-236D-4BC4-A3CF-EDA08D21B5CF}"
EndProject
Global
	GlobalSection(SolutionConfigurationPlatforms) = preSolution
		Debug|Any CPU = Debug|Any CPU
		Release|Any CPU = Release|Any CPU
	EndGlobalSection
	GlobalSection(ProjectConfigurationPlatforms) = postSolution
		{C2C55B97-236D-4BC4-A3CF-EDA08D21B5CF}.Debug|Any CPU.ActiveCfg = Debug|Any CPU
		{C2C55B97-236D-4BC4-A3CF-EDA08D21B5CF}.Debug|Any CPU.Build.0 = Debug|Any CPU
		{C2C55B97-236D-4BC4-A3CF-EDA08D21B5CF}.Release|Any CPU.ActiveCfg = Release|Any CPU
		{C2C55B97-236D-4BC4-A3CF-EDA08D21B5CF}.Release|Any CPU.Build.0 = Release|Any CPU
	EndGlobalSection
	GlobalSection(SolutionProperties) = preSolution
		HideSolutionNode = FALSE
	EndGlobalSection
	GlobalSection(ExtensibilityGlobals) = postSolution
		SolutionGuid = {7DB8A95E-4ABC-4CA7-B67B-F52FC6B333D8}
	EndGlobalSection
EndGlobal
